
Microsoft Visual Studio Solution File, Format Version 12.00
# Visual Studio Version 17
VisualStudioVersion = 17.5.33530.505
MinimumVisualStudioVersion = 10.0.40219.1
Project("{9A19103F-16F7-4668-BE54-9A1E7A4F7556}") = "Cadastro-de-Contatos", "Cadastro-de-Contatos\Cadastro-de-Contatos.csproj", "{FBB4FDE7-D703-4802-81DC-7BF240AF89F4}"
EndProject
Global
	GlobalSection(SolutionConfigurationPlatforms) = preSolution
		Debug|Any CPU = Debug|Any CPU
		Release|Any CPU = Release|Any CPU
	EndGlobalSection
	GlobalSection(ProjectConfigurationPlatforms) = postSolution
		{FBB4FDE7-D703-4802-81DC-7BF240AF89F4}.Debug|Any CPU.ActiveCfg = Debug|Any CPU
		{FBB4FDE7-D703-4802-81DC-7BF240AF89F4}.Debug|Any CPU.Build.0 = Debug|Any CPU
		{FBB4FDE7-D703-4802-81DC-7BF240AF89F4}.Release|Any CPU.ActiveCfg = Release|Any CPU
		{FBB4FDE7-D703-4802-81DC-7BF240AF89F4}.Release|Any CPU.Build.0 = Release|Any CPU
	EndGlobalSection
	GlobalSection(SolutionProperties) = preSolution
		HideSolutionNode = FALSE
	EndGlobalSection
	GlobalSection(ExtensibilityGlobals) = postSolution
		SolutionGuid = {FA68C8AA-C6EE-469F-AA2B-04BFDBCE27DF}
	EndGlobalSection
EndGlobal
